
Microsoft Visual Studio Solution File, Format Version 12.00
# Visual Studio 15
VisualStudioVersion = 15.0.26730.3
MinimumVisualStudioVersion = 10.0.40219.1
Project("{FAE04EC0-301F-11D3-BF4B-00C04F79EFBC}") = "Cracha", "Cracha IF\Cracha.csproj", "{C3EB5E7D-4C39-4421-ABC8-B1F89F10C899}"
EndProject
Global
	GlobalSection(SolutionConfigurationPlatforms) = preSolution
		Debug|Any CPU = Debug|Any CPU
		Debug|x86 = Debug|x86
		Release|Any CPU = Release|Any CPU
		Release|x86 = Release|x86
	EndGlobalSection
	GlobalSection(ProjectConfigurationPlatforms) = postSolution
		{C3EB5E7D-4C39-4421-ABC8-B1F89F10C899}.Debug|Any CPU.ActiveCfg = Debug|Any CPU
		{C3EB5E7D-4C39-4421-ABC8-B1F89F10C899}.Debug|Any CPU.Build.0 = Debug|Any CPU
		{C3EB5E7D-4C39-4421-ABC8-B1F89F10C899}.Debug|x86.ActiveCfg = Debug|Any CPU
		{C3EB5E7D-4C39-4421-ABC8-B1F89F10C899}.Debug|x86.Build.0 = Debug|Any CPU
		{C3EB5E7D-4C39-4421-ABC8-B1F89F10C899}.Release|Any CPU.ActiveCfg = Release|Any CPU
		{C3EB5E7D-4C39-4421-ABC8-B1F89F10C899}.Release|Any CPU.Build.0 = Release|Any CPU
		{C3EB5E7D-4C39-4421-ABC8-B1F89F10C899}.Release|x86.ActiveCfg = Release|Any CPU
		{C3EB5E7D-4C39-4421-ABC8-B1F89F10C899}.Release|x86.Build.0 = Release|Any CPU
	EndGlobalSection
	GlobalSection(SolutionProperties) = preSolution
		HideSolutionNode = FALSE
	EndGlobalSection
	GlobalSection(ExtensibilityGlobals) = postSolution
		SolutionGuid = {CF6F1557-B32B-4988-A2B1-4B517FFF7616}
	EndGlobalSection
EndGlobal
